
Microsoft Visual Studio Solution File, Format Version 12.00
# Visual Studio 15
VisualStudioVersion = 15.0.26730.12
MinimumVisualStudioVersion = 10.0.40219.1
Project("{FAE04EC0-301F-11D3-BF4B-00C04F79EFBC}") = "calculadora.Android", "calculadora\calculadora.Android\calculadora.Android.csproj", "{772D05D1-D209-4DB1-ABFB-3C692873EC6F}"
EndProject
Project("{FAE04EC0-301F-11D3-BF4B-00C04F79EFBC}") = "calculadora", "calculadora\calculadora\calculadora.csproj", "{47988B99-9E21-4C6C-A873-4D24EBEF387C}"
EndProject
Project("{FAE04EC0-301F-11D3-BF4B-00C04F79EFBC}") = "calculadora.UWP", "calculadora\calculadora.UWP\calculadora.UWP.csproj", "{CF15F083-0CCD-44E6-AC14-D48CAAFCE035}"
EndProject
Project("{FAE04EC0-301F-11D3-BF4B-00C04F79EFBC}") = "calculadora.iOS", "calculadora\calculadora.iOS\calculadora.iOS.csproj", "{C91AC1E2-A0DA-466E-9F1D-1FADB5076509}"
EndProject
Global
	GlobalSection(SolutionConfigurationPlatforms) = preSolution
		Ad-Hoc|Any CPU = Ad-Hoc|Any CPU
		Ad-Hoc|ARM = Ad-Hoc|ARM
		Ad-Hoc|iPhone = Ad-Hoc|iPhone
		Ad-Hoc|iPhoneSimulator = Ad-Hoc|iPhoneSimulator
		Ad-Hoc|x64 = Ad-Hoc|x64
		Ad-Hoc|x86 = Ad-Hoc|x86
		AppStore|Any CPU = AppStore|Any CPU
		AppStore|ARM = AppStore|ARM
		AppStore|iPhone = AppStore|iPhone
		AppStore|iPhoneSimulator = AppStore|iPhoneSimulator
		AppStore|x64 = AppStore|x64
		AppStore|x86 = AppStore|x86
		Debug|Any CPU = Debug|Any CPU
		Debug|ARM = Debug|ARM
		Debug|iPhone = Debug|iPhone
		Debug|iPhoneSimulator = Debug|iPhoneSimulator
		Debug|x64 = Debug|x64
		Debug|x86 = Debug|x86
		Release|Any CPU = Release|Any CPU
		Release|ARM = Release|ARM
		Release|iPhone = Release|iPhone
		Release|iPhoneSimulator = Release|iPhoneSimulator
		Release|x64 = Release|x64
		Release|x86 = Release|x86
	EndGlobalSection
	GlobalSection(ProjectConfigurationPlatforms) = postSolution
		{772D05D1-D209-4DB1-ABFB-3C692873EC6F}.Ad-Hoc|Any CPU.ActiveCfg = Release|Any CPU
		{772D05D1-D209-4DB1-ABFB-3C692873EC6F}.Ad-Hoc|Any CPU.Build.0 = Release|Any CPU
		{772D05D1-D209-4DB1-ABFB-3C692873EC6F}.Ad-Hoc|Any CPU.Deploy.0 = Release|Any CPU
		{772D05D1-D209-4DB1-ABFB-3C692873EC6F}.Ad-Hoc|ARM.ActiveCfg = Release|Any CPU
		{772D05D1-D209-4DB1-ABFB-3C692873EC6F}.Ad-Hoc|ARM.Build.0 = Release|Any CPU
		{772D05D1-D209-4DB1-ABFB-3C692873EC6F}.Ad-Hoc|ARM.Deploy.0 = Release|Any CPU
		{772D05D1-D209-4DB1-ABFB-3C692873EC6F}.Ad-Hoc|iPhone.ActiveCfg = Release|Any CPU
		{772D05D1-D209-4DB1-ABFB-3C692873EC6F}.Ad-Hoc|iPhone.Build.0 = Release|Any CPU
		{772D05D1-D209-4DB1-ABFB-3C692873EC6F}.Ad-Hoc|iPhone.Deploy.0 = Release|Any CPU
		{772D05D1-D209-4DB1-ABFB-3C692873EC6F}.Ad-Hoc|iPhoneSimulator.ActiveCfg = Release|Any CPU
		{772D05D1-D209-4DB1-ABFB-3C692873EC6F}.Ad-Hoc|iPhoneSimulator.Build.0 = Release|Any CPU
		{772D05D1-D209-4DB1-ABFB-3C692873EC6F}.Ad-Hoc|iPhoneSimulator.Deploy.0 = Release|Any CPU
		{772D05D1-D209-4DB1-ABFB-3C692873EC6F}.Ad-Hoc|x64.ActiveCfg = Release|Any CPU
		{772D05D1-D209-4DB1-ABFB-3C692873EC6F}.Ad-Hoc|x64.Build.0 = Release|Any CPU
		{772D05D1-D209-4DB1-ABFB-3C692873EC6F}.Ad-Hoc|x64.Deploy.0 = Release|Any CPU
		{772D05D1-D209-4DB1-ABFB-3C692873EC6F}.Ad-Hoc|x86.ActiveCfg = Release|Any CPU
		{772D05D1-D209-4DB1-ABFB-3C692873EC6F}.Ad-Hoc|x86.Build.0 = Release|Any CPU
		{772D05D1-D209-4DB1-ABFB-3C692873EC6F}.Ad-Hoc|x86.Deploy.0 = Release|Any CPU
		{772D05D1-D209-4DB1-ABFB-3C692873EC6F}.AppStore|Any CPU.ActiveCfg = Release|Any CPU
		{772D05D1-D209-4DB1-ABFB-3C692873EC6F}.AppStore|Any CPU.Build.0 = Release|Any CPU
		{772D05D1-D209-4DB1-ABFB-3C692873EC6F}.AppStore|Any CPU.Deploy.0 = Release|Any CPU
		{772D05D1-D209-4DB1-ABFB-3C692873EC6F}.AppStore|ARM.ActiveCfg = Release|Any CPU
		{772D05D1-D209-4DB1-ABFB-3C692873EC6F}.AppStore|ARM.Build.0 = Release|Any CPU
		{772D05D1-D209-4DB1-ABFB-3C692873EC6F}.AppStore|ARM.Deploy.0 = Release|Any CPU
		{772D05D1-D209-4DB1-ABFB-3C692873EC6F}.AppStore|iPhone.ActiveCfg = Release|Any CPU
		{772D05D1-D209-4DB1-ABFB-3C692873EC6F}.AppStore|iPhone.Build.0 = Release|Any CPU
		{772D05D1-D209-4DB1-ABFB-3C692873EC6F}.AppStore|iPhone.Deploy.0 = Release|Any CPU
		{772D05D1-D209-4DB1-ABFB-3C692873EC6F}.AppStore|iPhoneSimulator.ActiveCfg = Release|Any CPU
		{772D05D1-D209-4DB1-ABFB-3C692873EC6F}.AppStore|iPhoneSimulator.Build.0 = Release|Any CPU
		{772D05D1-D209-4DB1-ABFB-3C692873EC6F}.AppStore|iPhoneSimulator.Deploy.0 = Release|Any CPU
		{772D05D1-D209-4DB1-ABFB-3C692873EC6F}.AppStore|x64.ActiveCfg = Release|Any CPU
		{772D05D1-D209-4DB1-ABFB-3C692873EC6F}.AppStore|x64.Build.0 = Release|Any CPU
		{772D05D1-D209-4DB1-ABFB-3C692873EC6F}.AppStore|x64.Deploy.0 = Release|Any CPU
		{772D05D1-D209-4DB1-ABFB-3C692873EC6F}.AppStore|x86.ActiveCfg = Release|Any CPU
		{772D05D1-D209-4DB1-ABFB-3C692873EC6F}.AppStore|x86.Build.0 = Release|Any CPU
		{772D05D1-D209-4DB1-ABFB-3C692873EC6F}.AppStore|x86.Deploy.0 = Release|Any CPU
		{772D05D1-D209-4DB1-ABFB-3C692873EC6F}.Debug|Any CPU.ActiveCfg = Debug|Any CPU
		{772D05D1-D209-4DB1-ABFB-3C692873EC6F}.Debug|Any CPU.Build.0 = Debug|Any CPU
		{772D05D1-D209-4DB1-ABFB-3C692873EC6F}.Debug|Any CPU.Deploy.0 = Debug|Any CPU
		{772D05D1-D209-4DB1-ABFB-3C692873EC6F}.Debug|ARM.ActiveCfg = Debug|Any CPU
		{772D05D1-D209-4DB1-ABFB-3C692873EC6F}.Debug|ARM.Build.0 = Debug|Any CPU
		{772D05D1-D209-4DB1-ABFB-3C692873EC6F}.Debug|ARM.Deploy.0 = Debug|Any CPU
		{772D05D1-D209-4DB1-ABFB-3C692873EC6F}.Debug|iPhone.ActiveCfg = Debug|Any CPU
		{772D05D1-D209-4DB1-ABFB-3C692873EC6F}.Debug|iPhone.Build.0 = Debug|Any CPU
		{772D05D1-D209-4DB1-ABFB-3C692873EC6F}.Debug|iPhone.Deploy.0 = Debug|Any CPU
		{772D05D1-D209-4DB1-ABFB-3C692873EC6F}.Debug|iPhoneSimulator.ActiveCfg = Debug|Any CPU
		{772D05D1-D209-4DB1-ABFB-3C692873EC6F}.Debug|iPhoneSimulator.Build.0 = Debug|Any CPU
		{772D05D1-D209-4DB1-ABFB-3C692873EC6F}.Debug|iPhoneSimulator.Deploy.0 = Debug|Any CPU
		{772D05D1-D209-4DB1-ABFB-3C692873EC6F}.Debug|x64.ActiveCfg = Debug|Any CPU
		{772D05D1-D209-4DB1-ABFB-3C692873EC6F}.Debug|x64.Build.0 = Debug|Any CPU
		{772D05D1-D209-4DB1-ABFB-3C692873EC6F}.Debug|x64.Deploy.0 = Debug|Any CPU
		{772D05D1-D209-4DB1-ABFB-3C692873EC6F}.Debug|x86.ActiveCfg = Debug|Any CPU
		{772D05D1-D209-4DB1-ABFB-3C692873EC6F}.Debug|x86.Build.0 = Debug|Any CPU
		{772D05D1-D209-4DB1-ABFB-3C692873EC6F}.Debug|x86.Deploy.0 = Debug|Any CPU
		{772D05D1-D209-4DB1-ABFB-3C692873EC6F}.Release|Any CPU.ActiveCfg = Release|Any CPU
		{772D05D1-D209-4DB1-ABFB-3C692873EC6F}.Release|Any CPU.Build.0 = Release|Any CPU
		{772D05D1-D209-4DB1-ABFB-3C692873EC6F}.Release|Any CPU.Deploy.0 = Release|Any CPU
		{772D05D1-D209-4DB1-ABFB-3C692873EC6F}.Release|ARM.ActiveCfg = Release|Any CPU
		{772D05D1-D209-4DB1-ABFB-3C692873EC6F}.Release|ARM.Build.0 = Release|Any CPU
		{772D05D1-D209-4DB1-ABFB-3C692873EC6F}.Release|ARM.Deploy.0 = Release|Any CPU
		{772D05D1-D209-4DB1-ABFB-3C692873EC6F}.Release|iPhone.ActiveCfg = Release|Any CPU
		{772D05D1-D209-4DB1-ABFB-3C692873EC6F}.Release|iPhone.Build.0 = Release|Any CPU
		{772D05D1-D209-4DB1-ABFB-3C692873EC6F}.Release|iPhone.Deploy.0 = Release|Any CPU
		{772D05D1-D209-4DB1-ABFB-3C692873EC6F}.Release|iPhoneSimulator.ActiveCfg = Release|Any CPU
		{772D05D1-D209-4DB1-ABFB-3C692873EC6F}.Release|iPhoneSimulator.Build.0 = Release|Any CPU
		{772D05D1-D209-4DB1-ABFB-3C692873EC6F}.Release|iPhoneSimulator.Deploy.0 = Release|Any CPU
		{772D05D1-D209-4DB1-ABFB-3C692873EC6F}.Release|x64.ActiveCfg = Release|Any CPU
		{772D05D1-D209-4DB1-ABFB-3C692873EC6F}.Release|x64.Build.0 = Release|Any CPU
		{772D05D1-D209-4DB1-ABFB-3C692873EC6F}.Release|x64.Deploy.0 = Release|Any CPU
		{772D05D1-D209-4DB1-ABFB-3C692873EC6F}.Release|x86.ActiveCfg = Release|Any CPU
		{772D05D1-D209-4DB1-ABFB-3C692873EC6F}.Release|x86.Build.0 = Release|Any CPU
		{772D05D1-D209-4DB1-ABFB-3C692873EC6F}.Release|x86.Deploy.0 = Release|Any CPU
		{47988B99-9E21-4C6C-A873-4D24EBEF387C}.Ad-Hoc|Any CPU.ActiveCfg = Release|Any CPU
		{47988B99-9E21-4C6C-A873-4D24EBEF387C}.Ad-Hoc|Any CPU.Build.0 = Release|Any CPU
		{47988B99-9E21-4C6C-A873-4D24EBEF387C}.Ad-Hoc|ARM.ActiveCfg = Release|Any CPU
		{47988B99-9E21-4C6C-A873-4D24EBEF387C}.Ad-Hoc|ARM.Build.0 = Release|Any CPU
		{47988B99-9E21-4C6C-A873-4D24EBEF387C}.Ad-Hoc|iPhone.ActiveCfg = Release|Any CPU
		{47988B99-9E21-4C6C-A873-4D24EBEF387C}.Ad-Hoc|iPhone.Build.0 = Release|Any CPU
		{47988B99-9E21-4C6C-A873-4D24EBEF387C}.Ad-Hoc|iPhoneSimulator.ActiveCfg = Release|Any CPU
		{47988B99-9E21-4C6C-A873-4D24EBEF387C}.Ad-Hoc|iPhoneSimulator.Build.0 = Release|Any CPU
		{47988B99-9E21-4C6C-A873-4D24EBEF387C}.Ad-Hoc|x64.ActiveCfg = Release|Any CPU
		{47988B99-9E21-4C6C-A873-4D24EBEF387C}.Ad-Hoc|x64.Build.0 = Release|Any CPU
		{47988B99-9E21-4C6C-A873-4D24EBEF387C}.Ad-Hoc|x86.ActiveCfg = Release|Any CPU
		{47988B99-9E21-4C6C-A873-4D24EBEF387C}.Ad-Hoc|x86.Build.0 = Release|Any CPU
		{47988B99-9E21-4C6C-A873-4D24EBEF387C}.AppStore|Any CPU.ActiveCfg = Release|Any CPU
		{47988B99-9E21-4C6C-A873-4D24EBEF387C}.AppStore|Any CPU.Build.0 = Release|Any CPU
		{47988B99-9E21-4C6C-A873-4D24EBEF387C}.AppStore|ARM.ActiveCfg = Release|Any CPU
		{47988B99-9E21-4C6C-A873-4D24EBEF387C}.AppStore|ARM.Build.0 = Release|Any CPU
		{47988B99-9E21-4C6C-A873-4D24EBEF387C}.AppStore|iPhone.ActiveCfg = Release|Any CPU
		{47988B99-9E21-4C6C-A873-4D24EBEF387C}.AppStore|iPhone.Build.0 = Release|Any CPU
		{47988B99-9E21-4C6C-A873-4D24EBEF387C}.AppStore|iPhoneSimulator.ActiveCfg = Release|Any CPU
		{47988B99-9E21-4C6C-A873-4D24EBEF387C}.AppStore|iPhoneSimulator.Build.0 = Release|Any CPU
		{47988B99-9E21-4C6C-A873-4D24EBEF387C}.AppStore|x64.ActiveCfg = Release|Any CPU
		{47988B99-9E21-4C6C-A873-4D24EBEF387C}.AppStore|x64.Build.0 = Release|Any CPU
		{47988B99-9E21-4C6C-A873-4D24EBEF387C}.AppStore|x86.ActiveCfg = Release|Any CPU
		{47988B99-9E21-4C6C-A873-4D24EBEF387C}.AppStore|x86.Build.0 = Release|Any CPU
		{47988B99-9E21-4C6C-A873-4D24EBEF387C}.Debug|Any CPU.ActiveCfg = Debug|Any CPU
		{47988B99-9E21-4C6C-A873-4D24EBEF387C}.Debug|Any CPU.Build.0 = Debug|Any CPU
		{47988B99-9E21-4C6C-A873-4D24EBEF387C}.Debug|ARM.ActiveCfg = Debug|Any CPU
		{47988B99-9E21-4C6C-A873-4D24EBEF387C}.Debug|ARM.Build.0 = Debug|Any CPU
		{47988B99-9E21-4C6C-A873-4D24EBEF387C}.Debug|iPhone.ActiveCfg = Debug|Any CPU
		{47988B99-9E21-4C6C-A873-4D24EBEF387C}.Debug|iPhone.Build.0 = Debug|Any CPU
		{47988B99-9E21-4C6C-A873-4D24EBEF387C}.Debug|iPhoneSimulator.ActiveCfg = Debug|Any CPU
		{47988B99-9E21-4C6C-A873-4D24EBEF387C}.Debug|iPhoneSimulator.Build.0 = Debug|Any CPU
		{47988B99-9E21-4C6C-A873-4D24EBEF387C}.Debug|x64.ActiveCfg = Debug|Any CPU
		{47988B99-9E21-4C6C-A873-4D24EBEF387C}.Debug|x64.Build.0 = Debug|Any CPU
		{47988B99-9E21-4C6C-A873-4D24EBEF387C}.Debug|x86.ActiveCfg = Debug|Any CPU
		{47988B99-9E21-4C6C-A873-4D24EBEF387C}.Debug|x86.Build.0 = Debug|Any CPU
		{47988B99-9E21-4C6C-A873-4D24EBEF387C}.Release|Any CPU.ActiveCfg = Release|Any CPU
		{47988B99-9E21-4C6C-A873-4D24EBEF387C}.Release|Any CPU.Build.0 = Release|Any CPU
		{47988B99-9E21-4C6C-A873-4D24EBEF387C}.Release|ARM.ActiveCfg = Release|Any CPU
		{47988B99-9E21-4C6C-A873-4D24EBEF387C}.Release|ARM.Build.0 = Release|Any CPU
		{47988B99-9E21-4C6C-A873-4D24EBEF387C}.Release|iPhone.ActiveCfg = Release|Any CPU
		{47988B99-9E21-4C6C-A873-4D24EBEF387C}.Release|iPhone.Build.0 = Release|Any CPU
		{47988B99-9E21-4C6C-A873-4D24EBEF387C}.Release|iPhoneSimulator.ActiveCfg = Release|Any CPU
		{47988B99-9E21-4C6C-A873-4D24EBEF387C}.Release|iPhoneSimulator.Build.0 = Release|Any CPU
		{47988B99-9E21-4C6C-A873-4D24EBEF387C}.Release|x64.ActiveCfg = Release|Any CPU
		{47988B99-9E21-4C6C-A873-4D24EBEF387C}.Release|x64.Build.0 = Release|Any CPU
		{47988B99-9E21-4C6C-A873-4D24EBEF387C}.Release|x86.ActiveCfg = Release|Any CPU
		{47988B99-9E21-4C6C-A873-4D24EBEF387C}.Release|x86.Build.0 = Release|Any CPU
		{CF15F083-0CCD-44E6-AC14-D48CAAFCE035}.Ad-Hoc|Any CPU.ActiveCfg = Release|x86
		{CF15F083-0CCD-44E6-AC14-D48CAAFCE035}.Ad-Hoc|Any CPU.Build.0 = Release|x86
		{CF15F083-0CCD-44E6-AC14-D48CAAFCE035}.Ad-Hoc|Any CPU.Deploy.0 = Release|x86
		{CF15F083-0CCD-44E6-AC14-D48CAAFCE035}.Ad-Hoc|ARM.ActiveCfg = Release|ARM
		{CF15F083-0CCD-44E6-AC14-D48CAAFCE035}.Ad-Hoc|ARM.Build.0 = Release|ARM
		{CF15F083-0CCD-44E6-AC14-D48CAAFCE035}.Ad-Hoc|ARM.Deploy.0 = Release|ARM
		{CF15F083-0CCD-44E6-AC14-D48CAAFCE035}.Ad-Hoc|iPhone.ActiveCfg = Release|x86
		{CF15F083-0CCD-44E6-AC14-D48CAAFCE035}.Ad-Hoc|iPhone.Build.0 = Release|x86
		{CF15F083-0CCD-44E6-AC14-D48CAAFCE035}.Ad-Hoc|iPhone.Deploy.0 = Release|x86
		{CF15F083-0CCD-44E6-AC14-D48CAAFCE035}.Ad-Hoc|iPhoneSimulator.ActiveCfg = Release|x86
		{CF15F083-0CCD-44E6-AC14-D48CAAFCE035}.Ad-Hoc|iPhoneSimulator.Build.0 = Release|x86
		{CF15F083-0CCD-44E6-AC14-D48CAAFCE035}.Ad-Hoc|iPhoneSimulator.Deploy.0 = Release|x86
		{CF15F083-0CCD-44E6-AC14-D48CAAFCE035}.Ad-Hoc|x64.ActiveCfg = Release|x64
		{CF15F083-0CCD-44E6-AC14-D48CAAFCE035}.Ad-Hoc|x64.Build.0 = Release|x64
		{CF15F083-0CCD-44E6-AC14-D48CAAFCE035}.Ad-Hoc|x64.Deploy.0 = Release|x64
		{CF15F083-0CCD-44E6-AC14-D48CAAFCE035}.Ad-Hoc|x86.ActiveCfg = Release|x86
		{CF15F083-0CCD-44E6-AC14-D48CAAFCE035}.Ad-Hoc|x86.Build.0 = Release|x86
		{CF15F083-0CCD-44E6-AC14-D48CAAFCE035}.Ad-Hoc|x86.Deploy.0 = Release|x86
		{CF15F083-0CCD-44E6-AC14-D48CAAFCE035}.AppStore|Any CPU.ActiveCfg = Release|x86
		{CF15F083-0CCD-44E6-AC14-D48CAAFCE035}.AppStore|Any CPU.Build.0 = Release|x86
		{CF15F083-0CCD-44E6-AC14-D48CAAFCE035}.AppStore|Any CPU.Deploy.0 = Release|x86
		{CF15F083-0CCD-44E6-AC14-D48CAAFCE035}.AppStore|ARM.ActiveCfg = Release|ARM
		{CF15F083-0CCD-44E6-AC14-D48CAAFCE035}.AppStore|ARM.Build.0 = Release|ARM
		{CF15F083-0CCD-44E6-AC14-D48CAAFCE035}.AppStore|ARM.Deploy.0 = Release|ARM
		{CF15F083-0CCD-44E6-AC14-D48CAAFCE035}.AppStore|iPhone.ActiveCfg = Release|x86
		{CF15F083-0CCD-44E6-AC14-D48CAAFCE035}.AppStore|iPhone.Build.0 = Release|x86
		{CF15F083-0CCD-44E6-AC14-D48CAAFCE035}.AppStore|iPhone.Deploy.0 = Release|x86
		{CF15F083-0CCD-44E6-AC14-D48CAAFCE035}.AppStore|iPhoneSimulator.ActiveCfg = Release|x86
		{CF15F083-0CCD-44E6-AC14-D48CAAFCE035}.AppStore|iPhoneSimulator.Build.0 = Release|x86
		{CF15F083-0CCD-44E6-AC14-D48CAAFCE035}.AppStore|iPhoneSimulator.Deploy.0 = Release|x86
		{CF15F083-0CCD-44E6-AC14-D48CAAFCE035}.AppStore|x64.ActiveCfg = Release|x64
		{CF15F083-0CCD-44E6-AC14-D48CAAFCE035}.AppStore|x64.Build.0 = Release|x64
		{CF15F083-0CCD-44E6-AC14-D48CAAFCE035}.AppStore|x64.Deploy.0 = Release|x64
		{CF15F083-0CCD-44E6-AC14-D48CAAFCE035}.AppStore|x86.ActiveCfg = Release|x86
		{CF15F083-0CCD-44E6-AC14-D48CAAFCE035}.AppStore|x86.Build.0 = Release|x86
		{CF15F083-0CCD-44E6-AC14-D48CAAFCE035}.AppStore|x86.Deploy.0 = Release|x86
		{CF15F083-0CCD-44E6-AC14-D48CAAFCE035}.Debug|Any CPU.ActiveCfg = Debug|x86
		{CF15F083-0CCD-44E6-AC14-D48CAAFCE035}.Debug|ARM.ActiveCfg = Debug|ARM
		{CF15F083-0CCD-44E6-AC14-D48CAAFCE035}.Debug|ARM.Build.0 = Debug|ARM
		{CF15F083-0CCD-44E6-AC14-D48CAAFCE035}.Debug|ARM.Deploy.0 = Debug|ARM
		{CF15F083-0CCD-44E6-AC14-D48CAAFCE035}.Debug|iPhone.ActiveCfg = Debug|x86
		{CF15F083-0CCD-44E6-AC14-D48CAAFCE035}.Debug|iPhoneSimulator.ActiveCfg = Debug|x86
		{CF15F083-0CCD-44E6-AC14-D48CAAFCE035}.Debug|x64.ActiveCfg = Debug|x64
		{CF15F083-0CCD-44E6-AC14-D48CAAFCE035}.Debug|x64.Build.0 = Debug|x64
		{CF15F083-0CCD-44E6-AC14-D48CAAFCE035}.Debug|x64.Deploy.0 = Debug|x64
		{CF15F083-0CCD-44E6-AC14-D48CAAFCE035}.Debug|x86.ActiveCfg = Debug|x86
		{CF15F083-0CCD-44E6-AC14-D48CAAFCE035}.Debug|x86.Build.0 = Debug|x86
		{CF15F083-0CCD-44E6-AC14-D48CAAFCE035}.Debug|x86.Deploy.0 = Debug|x86
		{CF15F083-0CCD-44E6-AC14-D48CAAFCE035}.Release|Any CPU.ActiveCfg = Release|x86
		{CF15F083-0CCD-44E6-AC14-D48CAAFCE035}.Release|ARM.ActiveCfg = Release|ARM
		{CF15F083-0CCD-44E6-AC14-D48CAAFCE035}.Release|ARM.Build.0 = Release|ARM
		{CF15F083-0CCD-44E6-AC14-D48CAAFCE035}.Release|ARM.Deploy.0 = Release|ARM
		{CF15F083-0CCD-44E6-AC14-D48CAAFCE035}.Release|iPhone.ActiveCfg = Release|x86
		{CF15F083-0CCD-44E6-AC14-D48CAAFCE035}.Release|iPhoneSimulator.ActiveCfg = Release|x86
		{CF15F083-0CCD-44E6-AC14-D48CAAFCE035}.Release|x64.ActiveCfg = Release|x64
		{CF15F083-0CCD-44E6-AC14-D48CAAFCE035}.Release|x64.Build.0 = Release|x64
		{CF15F083-0CCD-44E6-AC14-D48CAAFCE035}.Release|x64.Deploy.0 = Release|x64
		{CF15F083-0CCD-44E6-AC14-D48CAAFCE035}.Release|x86.ActiveCfg = Release|x86
		{CF15F083-0CCD-44E6-AC14-D48CAAFCE035}.Release|x86.Build.0 = Release|x86
		{CF15F083-0CCD-44E6-AC14-D48CAAFCE035}.Release|x86.Deploy.0 = Release|x86
		{C91AC1E2-A0DA-466E-9F1D-1FADB5076509}.Ad-Hoc|Any CPU.ActiveCfg = Ad-Hoc|iPhone
		{C91AC1E2-A0DA-466E-9F1D-1FADB5076509}.Ad-Hoc|ARM.ActiveCfg = Ad-Hoc|iPhone
		{C91AC1E2-A0DA-466E-9F1D-1FADB5076509}.Ad-Hoc|iPhone.ActiveCfg = Ad-Hoc|iPhone
		{C91AC1E2-A0DA-466E-9F1D-1FADB5076509}.Ad-Hoc|iPhone.Build.0 = Ad-Hoc|iPhone
		{C91AC1E2-A0DA-466E-9F1D-1FADB5076509}.Ad-Hoc|iPhoneSimulator.ActiveCfg = Ad-Hoc|iPhoneSimulator
		{C91AC1E2-A0DA-466E-9F1D-1FADB5076509}.Ad-Hoc|iPhoneSimulator.Build.0 = Ad-Hoc|iPhoneSimulator
		{C91AC1E2-A0DA-466E-9F1D-1FADB5076509}.Ad-Hoc|x64.ActiveCfg = Ad-Hoc|iPhone
		{C91AC1E2-A0DA-466E-9F1D-1FADB5076509}.Ad-Hoc|x86.ActiveCfg = Ad-Hoc|iPhone
		{C91AC1E2-A0DA-466E-9F1D-1FADB5076509}.AppStore|Any CPU.ActiveCfg = AppStore|iPhone
		{C91AC1E2-A0DA-466E-9F1D-1FADB5076509}.AppStore|ARM.ActiveCfg = AppStore|iPhone
		{C91AC1E2-A0DA-466E-9F1D-1FADB5076509}.AppStore|iPhone.ActiveCfg = AppStore|iPhone
		{C91AC1E2-A0DA-466E-9F1D-1FADB5076509}.AppStore|iPhone.Build.0 = AppStore|iPhone
		{C91AC1E2-A0DA-466E-9F1D-1FADB5076509}.AppStore|iPhoneSimulator.ActiveCfg = AppStore|iPhoneSimulator
		{C91AC1E2-A0DA-466E-9F1D-1FADB5076509}.AppStore|iPhoneSimulator.Build.0 = AppStore|iPhoneSimulator
		{C91AC1E2-A0DA-466E-9F1D-1FADB5076509}.AppStore|x64.ActiveCfg = AppStore|iPhone
		{C91AC1E2-A0DA-466E-9F1D-1FADB5076509}.AppStore|x86.ActiveCfg = AppStore|iPhone
		{C91AC1E2-A0DA-466E-9F1D-1FADB5076509}.Debug|Any CPU.ActiveCfg = Debug|iPhone
		{C91AC1E2-A0DA-466E-9F1D-1FADB5076509}.Debug|ARM.ActiveCfg = Debug|iPhone
		{C91AC1E2-A0DA-466E-9F1D-1FADB5076509}.Debug|iPhone.ActiveCfg = Debug|iPhone
		{C91AC1E2-A0DA-466E-9F1D-1FADB5076509}.Debug|iPhone.Build.0 = Debug|iPhone
		{C91AC1E2-A0DA-466E-9F1D-1FADB5076509}.Debug|iPhoneSimulator.ActiveCfg = Debug|iPhoneSimulator
		{C91AC1E2-A0DA-466E-9F1D-1FADB5076509}.Debug|iPhoneSimulator.Build.0 = Debug|iPhoneSimulator
		{C91AC1E2-A0DA-466E-9F1D-1FADB5076509}.Debug|x64.ActiveCfg = Debug|iPhone
		{C91AC1E2-A0DA-466E-9F1D-1FADB5076509}.Debug|x86.ActiveCfg = Debug|iPhone
		{C91AC1E2-A0DA-466E-9F1D-1FADB5076509}.Release|Any CPU.ActiveCfg = Release|iPhone
		{C91AC1E2-A0DA-466E-9F1D-1FADB5076509}.Release|ARM.ActiveCfg = Release|iPhone
		{C91AC1E2-A0DA-466E-9F1D-1FADB5076509}.Release|iPhone.ActiveCfg = Release|iPhone
		{C91AC1E2-A0DA-466E-9F1D-1FADB5076509}.Release|iPhone.Build.0 = Release|iPhone
		{C91AC1E2-A0DA-466E-9F1D-1FADB5076509}.Release|iPhoneSimulator.ActiveCfg = Release|iPhoneSimulator
		{C91AC1E2-A0DA-466E-9F1D-1FADB5076509}.Release|iPhoneSimulator.Build.0 = Release|iPhoneSimulator
		{C91AC1E2-A0DA-466E-9F1D-1FADB5076509}.Release|x64.ActiveCfg = Release|iPhone
		{C91AC1E2-A0DA-466E-9F1D-1FADB5076509}.Release|x86.ActiveCfg = Release|iPhone
	EndGlobalSection
	GlobalSection(SolutionProperties) = preSolution
		HideSolutionNode = FALSE
	EndGlobalSection
	GlobalSection(ExtensibilityGlobals) = postSolution
		SolutionGuid = {96553A7F-6689-4197-A3B0-19A31D1DC45C}
	EndGlobalSection
EndGlobal
